PODS:
  - baseModularzition (0.1.0)

DEPENDENCIES:
  - baseModularzition (from `../`)

EXTERNAL SOURCES:
  baseModularzition:
    :path: "../"

SPEC CHECKSUMS:
  baseModularzition: e236dde5dfafc8a80359af03a04660756fccd58c

PODFILE CHECKSUM: f46e8af28b311d946d56245c3dbf39ba29e1cbec

COCOAPODS: 1.5.3
